
Microsoft Visual Studio Solution File, Format Version 12.00
# Visual Studio Version 16
VisualStudioVersion = 16.0.31025.194
MinimumVisualStudioVersion = 10.0.40219.1
Project("{FAE04EC0-301F-11D3-BF4B-00C04F79EFBC}") = "OLEDSaver", "OLEDSaver\OLEDSaver.csproj", "{B0B45F5B-ABCE-4DB9-8D53-C6BA343903C2}"
EndProject
Global
	GlobalSection(SolutionConfigurationPlatforms) = preSolution
		Debug|Any CPU = Debug|Any CPU
		Release|Any CPU = Release|Any CPU
	EndGlobalSection
	GlobalSection(ProjectConfigurationPlatforms) = postSolution
		{B0B45F5B-ABCE-4DB9-8D53-C6BA343903C2}.Debug|Any CPU.ActiveCfg = Debug|Any CPU
		{B0B45F5B-ABCE-4DB9-8D53-C6BA343903C2}.Debug|Any CPU.Build.0 = Debug|Any CPU
		{B0B45F5B-ABCE-4DB9-8D53-C6BA343903C2}.Release|Any CPU.ActiveCfg = Release|Any CPU
		{B0B45F5B-ABCE-4DB9-8D53-C6BA343903C2}.Release|Any CPU.Build.0 = Release|Any CPU
	EndGlobalSection
	GlobalSection(SolutionProperties) = preSolution
		HideSolutionNode = FALSE
	EndGlobalSection
	GlobalSection(ExtensibilityGlobals) = postSolution
		SolutionGuid = {9B1F2000-6D4F-45FD-9E20-D2D8258B42B4}
	EndGlobalSection
EndGlobal
